
Microsoft Visual Studio Solution File, Format Version 12.00
# Visual Studio Version 16
VisualStudioVersion = 16.0.31205.134
MinimumVisualStudioVersion = 10.0.40219.1
Project("{9A19103F-16F7-4668-BE54-9A1E7A4F7556}") = "Edura.WebUI", "Edura.WebUI\Edura.WebUI.csproj", "{8680A808-8246-4E2E-950E-555E7BABFA74}"
EndProject
Project("{9A19103F-16F7-4668-BE54-9A1E7A4F7556}") = "Edura.Repository", "Edura.Repository\Edura.Repository.csproj", "{FFCB51A8-B51A-4925-BC6F-8A8D3AFD8286}"
EndProject
Project("{9A19103F-16F7-4668-BE54-9A1E7A4F7556}") = "Edura.Entity", "Edura.Entity\Edura.Entity.csproj", "{27847612-40AE-4ABE-BDE0-C5F6DA658671}"
EndProject
Project("{2150E333-8FDC-42A3-9474-1A3956D46DE8}") = "Solution Items", "Solution Items", "{8EA0E5FB-1D56-4EEF-9A2E-D6CB440ED84A}"
	ProjectSection(SolutionItems) = preProject
		BeniOku.txt = BeniOku.txt
	EndProjectSection
EndProject
Global
	GlobalSection(SolutionConfigurationPlatforms) = preSolution
		Debug|Any CPU = Debug|Any CPU
		Release|Any CPU = Release|Any CPU
	EndGlobalSection
	GlobalSection(ProjectConfigurationPlatforms) = postSolution
		{8680A808-8246-4E2E-950E-555E7BABFA74}.Debug|Any CPU.ActiveCfg = Debug|Any CPU
		{8680A808-8246-4E2E-950E-555E7BABFA74}.Debug|Any CPU.Build.0 = Debug|Any CPU
		{8680A808-8246-4E2E-950E-555E7BABFA74}.Release|Any CPU.ActiveCfg = Release|Any CPU
		{8680A808-8246-4E2E-950E-555E7BABFA74}.Release|Any CPU.Build.0 = Release|Any CPU
		{FFCB51A8-B51A-4925-BC6F-8A8D3AFD8286}.Debug|Any CPU.ActiveCfg = Debug|Any CPU
		{FFCB51A8-B51A-4925-BC6F-8A8D3AFD8286}.Debug|Any CPU.Build.0 = Debug|Any CPU
		{FFCB51A8-B51A-4925-BC6F-8A8D3AFD8286}.Release|Any CPU.ActiveCfg = Release|Any CPU
		{FFCB51A8-B51A-4925-BC6F-8A8D3AFD8286}.Release|Any CPU.Build.0 = Release|Any CPU
		{27847612-40AE-4ABE-BDE0-C5F6DA658671}.Debug|Any CPU.ActiveCfg = Debug|Any CPU
		{27847612-40AE-4ABE-BDE0-C5F6DA658671}.Debug|Any CPU.Build.0 = Debug|Any CPU
		{27847612-40AE-4ABE-BDE0-C5F6DA658671}.Release|Any CPU.ActiveCfg = Release|Any CPU
		{27847612-40AE-4ABE-BDE0-C5F6DA658671}.Release|Any CPU.Build.0 = Release|Any CPU
	EndGlobalSection
	GlobalSection(SolutionProperties) = preSolution
		HideSolutionNode = FALSE
	EndGlobalSection
	GlobalSection(ExtensibilityGlobals) = postSolution
		SolutionGuid = {F677371A-423F-4092-8908-009F21B8AB1F}
	EndGlobalSection
EndGlobal
